// !$*UTF8*$!
{
	archiveVersion = 1;
	classes = {
	};
	objectVersion = 46;
	objects = {

/* Begin PBXBuildFile section */
		1E8FCDCB1DB36F7E00377EE4 /* AppDelegate.swift in Sources */ = {isa = PBXBuildFile; fileRef = 1E8FCDCA1DB36F7E00377EE4 /* AppDelegate.swift */; };
		1E8FCDCD1DB36F7E00377EE4 /* ViewController.swift in Sources */ = {isa = PBXBuildFile; fileRef = 1E8FCDCC1DB36F7E00377EE4 /* ViewController.swift */; };
		1E8FCDD01DB36F7E00377EE4 /* Main.storyboard in Resources */ = {isa = PBXBuildFile; fileRef = 1E8FCDCE1DB36F7E00377EE4 /* Main.storyboard */; };
		1E8FCDD21DB36F7E00377EE4 /* Assets.xcassets in Resources */ = {isa = PBXBuildFile; fileRef = 1E8FCDD11DB36F7E00377EE4 /* Assets.xcassets */; };
		1E8FCDD51DB36F7E00377EE4 /* LaunchScreen.storyboard in Resources */ = {isa = PBXBuildFile; fileRef = 1E8FCDD31DB36F7E00377EE4 /* LaunchScreen.storyboard */; };
		1E8FCDE01DB36F7E00377EE4 /* testflixTests.swift in Sources */ = {isa = PBXBuildFile; fileRef = 1E8FCDDF1DB36F7E00377EE4 /* testflixTests.swift */; };
		1E8FCDEB1DB36F7E00377EE4 /* testflixUITests.swift in Sources */ = {isa = PBXBuildFile; fileRef = 1E8FCDEA1DB36F7E00377EE4 /* testflixUITests.swift */; };
/* End PBXBuildFile section */

/* Begin PBXContainerItemProxy section */
		1E8FCDDC1DB36F7E00377EE4 /* PBXContainerItemProxy */ = {
			isa = PBXContainerItemProxy;
			containerPortal = 1E8FCDBF1DB36F7E00377EE4 /* Project object */;
			proxyType = 1;
			remoteGlobalIDString = 1E8FCDC61DB36F7E00377EE4;
			remoteInfo = testflix;
		};
		1E8FCDE71DB36F7E00377EE4 /* PBXContainerItemProxy */ = {
			isa = PBXContainerItemProxy;
			containerPortal = 1E8FCDBF1DB36F7E00377EE4 /* Project object */;
			proxyType = 1;
			remoteGlobalIDString = 1E8FCDC61DB36F7E00377EE4;
			remoteInfo = testflix;
		};
/* End PBXContainerItemProxy section */

/* Begin PBXFileReference section */
		1E8FCDC71DB36F7E00377EE4 /* testflix.app */ = {isa = PBXFileReference; explicitFileType = wrapper.application; includeInIndex = 0; path = testflix.app; sourceTree = BUILT_PRODUCTS_DIR; };
		1E8FCDCA1DB36F7E00377EE4 /* AppDelegate.swift */ = {isa = PBXFileReference; lastKnownFileType = sourcecode.swift; path = AppDelegate.swift; sourceTree = "<group>"; };
		1E8FCDCC1DB36F7E00377EE4 /* ViewController.swift */ = {isa = PBXFileReference; lastKnownFileType = sourcecode.swift; path = ViewController.swift; sourceTree = "<group>"; };
		1E8FCDCF1DB36F7E00377EE4 /* Base */ = {isa = PBXFileReference; lastKnownFileType = file.storyboard; name = Base; path = Base.lproj/Main.storyboard; sourceTree = "<group>"; };
		1E8FCDD11DB36F7E00377EE4 /* Assets.xcassets */ = {isa = PBXFileReference; lastKnownFileType = folder.assetcatalog; path = Assets.xcassets; sourceTree = "<group>"; };
		1E8FCDD41DB36F7E00377EE4 /* Base */ = {isa = PBXFileReference; lastKnownFileType = file.storyboard; name = Base; path = Base.lproj/LaunchScreen.storyboard; sourceTree = "<group>"; };
		1E8FCDD61DB36F7E00377EE4 /* Info.plist */ = {isa = PBXFileReference; lastKnownFileType = text.plist.xml; path = Info.plist; sourceTree = "<group>"; };
		1E8FCDDB1DB36F7E00377EE4 /* testflixTests.xctest */ = {isa = PBXFileReference; explicitFileType = wrapper.cfbundle; includeInIndex = 0; path = testflixTests.xctest; sourceTree = BUILT_PRODUCTS_DIR; };
		1E8FCDDF1DB36F7E00377EE4 /* testflixTests.swift */ = {isa = PBXFileReference; lastKnownFileType = sourcecode.swift; path = testflixTests.swift; sourceTree = "<group>"; };
		1E8FCDE11DB36F7E00377EE4 /* Info.plist */ = {isa = PBXFileReference; lastKnownFileType = text.plist.xml; path = Info.plist; sourceTree = "<group>"; };
		1E8FCDE61DB36F7E00377EE4 /* testflixUITests.xctest */ = {isa = PBXFileReference; explicitFileType = wrapper.cfbundle; includeInIndex = 0; path = testflixUITests.xctest; sourceTree = BUILT_PRODUCTS_DIR; };
		1E8FCDEA1DB36F7E00377EE4 /* testflixUITests.swift */ = {isa = PBXFileReference; lastKnownFileType = sourcecode.swift; path = testflixUITests.swift; sourceTree = "<group>"; };
		1E8FCDEC1DB36F7E00377EE4 /* Info.plist */ = {isa = PBXFileReference; lastKnownFileType = text.plist.xml; path = Info.plist; sourceTree = "<group>"; };
/* End PBXFileReference section */

/* Begin PBXFrameworksBuildPhase section */
		1E8FCDC41DB36F7E00377EE4 /* Frameworks */ = {
			isa = PBXFrameworksBuildPhase;
			buildActionMask = 2147483647;
			files = (
			);
			runOnlyForDeploymentPostprocessing = 0;
		};
		1E8FCDD81DB36F7E00377EE4 /* Frameworks */ = {
			isa = PBXFrameworksBuildPhase;
			buildActionMask = 2147483647;
			files = (
			);
			runOnlyForDeploymentPostprocessing = 0;
		};
		1E8FCDE31DB36F7E00377EE4 /* Frameworks */ = {
			isa = PBXFrameworksBuildPhase;
			buildActionMask = 2147483647;
			files = (
			);
			runOnlyForDeploymentPostprocessing = 0;
		};
/* End PBXFrameworksBuildPhase section */

/* Begin PBXGroup section */
		1E8FCDBE1DB36F7E00377EE4 = {
			isa = PBXGroup;
			children = (
				1E8FCDC91DB36F7E00377EE4 /* testflix */,
				1E8FCDDE1DB36F7E00377EE4 /* testflixTests */,
				1E8FCDE91DB36F7E00377EE4 /* testflixUITests */,
				1E8FCDC81DB36F7E00377EE4 /* Products */,
			);
			sourceTree = "<group>";
		};
		1E8FCDC81DB36F7E00377EE4 /* Products */ = {
			isa = PBXGroup;
			children = (
				1E8FCDC71DB36F7E00377EE4 /* testflix.app */,
				1E8FCDDB1DB36F7E00377EE4 /* testflixTests.xctest */,
				1E8FCDE61DB36F7E00377EE4 /* testflixUITests.xctest */,
			);
			name = Products;
			sourceTree = "<group>";
		};
		1E8FCDC91DB36F7E00377EE4 /* testflix */ = {
			isa = PBXGroup;
			children = (
				1E8FCDCA1DB36F7E00377EE4 /* AppDelegate.swift */,
				1E8FCDCC1DB36F7E00377EE4 /* ViewController.swift */,
				1E8FCDCE1DB36F7E00377EE4 /* Main.storyboard */,
				1E8FCDD11DB36F7E00377EE4 /* Assets.xcassets */,
				1E8FCDD31DB36F7E00377EE4 /* LaunchScreen.storyboard */,
				1E8FCDD61DB36F7E00377EE4 /* Info.plist */,
			);
			path = testflix;
			sourceTree = "<group>";
		};
		1E8FCDDE1DB36F7E00377EE4 /* testflixTests */ = {
			isa = PBXGroup;
			children = (
				1E8FCDDF1DB36F7E00377EE4 /* testflixTests.swift */,
				1E8FCDE11DB36F7E00377EE4 /* Info.plist */,
			);
			path = testflixTests;
			sourceTree = "<group>";
		};
		1E8FCDE91DB36F7E00377EE4 /* testflixUITests */ = {
			isa = PBXGroup;
			children = (
				1E8FCDEA1DB36F7E00377EE4 /* testflixUITests.swift */,
				1E8FCDEC1DB36F7E00377EE4 /* Info.plist */,
			);
			path = testflixUITests;
			sourceTree = "<group>";
		};
/* End PBXGroup section */

/* Begin PBXNativeTarget section */
		1E8FCDC61DB36F7E00377EE4 /* testflix */ = {
			isa = PBXNativeTarget;
			buildConfigurationList = 1E8FCDEF1DB36F7E00377EE4 /* Build configuration list for PBXNativeTarget "testflix" */;
			buildPhases = (
				1E8FCDC31DB36F7E00377EE4 /* Sources */,
				1E8FCDC41DB36F7E00377EE4 /* Frameworks */,
				1E8FCDC51DB36F7E00377EE4 /* Resources */,
			);
			buildRules = (
			);
			dependencies = (
			);
			name = testflix;
			productName = testflix;
			productReference = 1E8FCDC71DB36F7E00377EE4 /* testflix.app */;
			productType = "com.apple.product-type.application";
		};
		1E8FCDDA1DB36F7E00377EE4 /* testflixTests */ = {
			isa = PBXNativeTarget;
			buildConfigurationList = 1E8FCDF21DB36F7E00377EE4 /* Build configuration list for PBXNativeTarget "testflixTests" */;
			buildPhases = (
				1E8FCDD71DB36F7E00377EE4 /* Sources */,
				1E8FCDD81DB36F7E00377EE4 /* Frameworks */,
				1E8FCDD91DB36F7E00377EE4 /* Resources */,
			);
			buildRules = (
			);
			dependencies = (
				1E8FCDDD1DB36F7E00377EE4 /* PBXTargetDependency */,
			);
			name = testflixTests;
			productName = testflixTests;
			productReference = 1E8FCDDB1DB36F7E00377EE4 /* testflixTests.xctest */;
			productType = "com.apple.product-type.bundle.unit-test";
		};
		1E8FCDE51DB36F7E00377EE4 /* testflixUITests */ = {
			isa = PBXNativeTarget;
			buildConfigurationList = 1E8FCDF51DB36F7E00377EE4 /* Build configuration list for PBXNativeTarget "testflixUITests" */;
			buildPhases = (
				1E8FCDE21DB36F7E00377EE4 /* Sources */,
				1E8FCDE31DB36F7E00377EE4 /* Frameworks */,
				1E8FCDE41DB36F7E00377EE4 /* Resources */,
			);
			buildRules = (
			);
			dependencies = (
				1E8FCDE81DB36F7E00377EE4 /* PBXTargetDependency */,
			);
			name = testflixUITests;
			productName = testflixUITests;
			productReference = 1E8FCDE61DB36F7E00377EE4 /* testflixUITests.xctest */;
			productType = "com.apple.product-type.bundle.ui-testing";
		};
/* End PBXNativeTarget section */

/* Begin PBXProject section */
		1E8FCDBF1DB36F7E00377EE4 /* Project object */ = {
			isa = PBXProject;
			attributes = {
				LastSwiftUpdateCheck = 0800;
				LastUpgradeCheck = 0800;
				ORGANIZATIONNAME = "Tung Le";
				TargetAttributes = {
					1E8FCDC61DB36F7E00377EE4 = {
						CreatedOnToolsVersion = 8.0;
						ProvisioningStyle = Automatic;
					};
					1E8FCDDA1DB36F7E00377EE4 = {
						CreatedOnToolsVersion = 8.0;
						ProvisioningStyle = Automatic;
						TestTargetID = 1E8FCDC61DB36F7E00377EE4;
					};
					1E8FCDE51DB36F7E00377EE4 = {
						CreatedOnToolsVersion = 8.0;
						ProvisioningStyle = Automatic;
						TestTargetID = 1E8FCDC61DB36F7E00377EE4;
					};
				};
			};
			buildConfigurationList = 1E8FCDC21DB36F7E00377EE4 /* Build configuration list for PBXProject "testflix" */;
			compatibilityVersion = "Xcode 3.2";
			developmentRegion = English;
			hasScannedForEncodings = 0;
			knownRegions = (
				en,
				Base,
			);
			mainGroup = 1E8FCDBE1DB36F7E00377EE4;
			productRefGroup = 1E8FCDC81DB36F7E00377EE4 /* Products */;
			projectDirPath = "";
			projectRoot = "";
			targets = (
				1E8FCDC61DB36F7E00377EE4 /* testflix */,
				1E8FCDDA1DB36F7E00377EE4 /* testflixTests */,
				1E8FCDE51DB36F7E00377EE4 /* testflixUITests */,
			);
		};
/* End PBXProject section */

/* Begin PBXResourcesBuildPhase section */
		1E8FCDC51DB36F7E00377EE4 /* Resources */ = {
			isa = PBXResourcesBuildPhase;
			buildActionMask = 2147483647;
			files = (
				1E8FCDD51DB36F7E00377EE4 /* LaunchScreen.storyboard in Resources */,
				1E8FCDD21DB36F7E00377EE4 /* Assets.xcassets in Resources */,
				1E8FCDD01DB36F7E00377EE4 /* Main.storyboard in Resources */,
			);
			runOnlyForDeploymentPostprocessing = 0;
		};
		1E8FCDD91DB36F7E00377EE4 /* Resources */ = {
			isa = PBXResourcesBuildPhase;
			buildActionMask = 2147483647;
			files = (
			);
			runOnlyForDeploymentPostprocessing = 0;
		};
		1E8FCDE41DB36F7E00377EE4 /* Resources */ = {
			isa = PBXResourcesBuildPhase;
			buildActionMask = 2147483647;
			files = (
			);
			runOnlyForDeploymentPostprocessing = 0;
		};
/* End PBXResourcesBuildPhase section */

/* Begin PBXSourcesBuildPhase section */
		1E8FCDC31DB36F7E00377EE4 /* Sources */ = {
			isa = PBXSourcesBuildPhase;
			buildActionMask = 2147483647;
			files = (
				1E8FCDCD1DB36F7E00377EE4 /* ViewController.swift in Sources */,
				1E8FCDCB1DB36F7E00377EE4 /* AppDelegate.swift in Sources */,
			);
			runOnlyForDeploymentPostprocessing = 0;
		};
		1E8FCDD71DB36F7E00377EE4 /* Sources */ = {
			isa = PBXSourcesBuildPhase;
			buildActionMask = 2147483647;
			files = (
				1E8FCDE01DB36F7E00377EE4 /* testflixTests.swift in Sources */,
			);
			runOnlyForDeploymentPostprocessing = 0;
		};
		1E8FCDE21DB36F7E00377EE4 /* Sources */ = {
			isa = PBXSourcesBuildPhase;
			buildActionMask = 2147483647;
			files = (
				1E8FCDEB1DB36F7E00377EE4 /* testflixUITests.swift in Sources */,
			);
			runOnlyForDeploymentPostprocessing = 0;
		};
/* End PBXSourcesBuildPhase section */

/* Begin PBXTargetDependency section */
		1E8FCDDD1DB36F7E00377EE4 /* PBXTargetDependency */ = {
			isa = PBXTargetDependency;
			target = 1E8FCDC61DB36F7E00377EE4 /* testflix */;
			targetProxy = 1E8FCDDC1DB36F7E00377EE4 /* PBXContainerItemProxy */;
		};
		1E8FCDE81DB36F7E00377EE4 /* PBXTargetDependency */ = {
			isa = PBXTargetDependency;
			target = 1E8FCDC61DB36F7E00377EE4 /* testflix */;
			targetProxy = 1E8FCDE71DB36F7E00377EE4 /* PBXContainerItemProxy */;
		};
/* End PBXTargetDependency section */

/* Begin PBXVariantGroup section */
		1E8FCDCE1DB36F7E00377EE4 /* Main.storyboard */ = {
			isa = PBXVariantGroup;
			children = (
				1E8FCDCF1DB36F7E00377EE4 /* Base */,
			);
			name = Main.storyboard;
			sourceTree = "<group>";
		};
		1E8FCDD31DB36F7E00377EE4 /* LaunchScreen.storyboard */ = {
			isa = PBXVariantGroup;
			children = (
				1E8FCDD41DB36F7E00377EE4 /* Base */,
			);
			name = LaunchScreen.storyboard;
			sourceTree = "<group>";
		};
/* End PBXVariantGroup section */

/* Begin XCBuildConfiguration section */
		1E8FCDED1DB36F7E00377EE4 /* Debug */ = {
			isa = XCBuildConfiguration;
			buildSettings = {
				ALWAYS_SEARCH_USER_PATHS = NO;
				CLANG_ANALYZER_NONNULL = YES;
				CLANG_CXX_LANGUAGE_STANDARD = "gnu++0x";
				CLANG_CXX_LIBRARY = "libc++";
				CLANG_ENABLE_MODULES = YES;
				CLANG_ENABLE_OBJC_ARC = YES;
				CLANG_WARN_BOOL_CONVERSION = YES;
				CLANG_WARN_CONSTANT_CONVERSION = YES;
				CLANG_WARN_DIRECT_OBJC_ISA_USAGE = YES_ERROR;
				CLANG_WARN_DOCUMENTATION_COMMENTS = YES;
				CLANG_WARN_EMPTY_BODY = YES;
				CLANG_WARN_ENUM_CONVERSION = YES;
				CLANG_WARN_INFINITE_RECURSION = YES;
				CLANG_WARN_INT_CONVERSION = YES;
				CLANG_WARN_OBJC_ROOT_CLASS = YES_ERROR;
				CLANG_WARN_SUSPICIOUS_MOVES = YES;
				CLANG_WARN_UNREACHABLE_CODE = YES;
				CLANG_WARN__DUPLICATE_METHOD_MATCH = YES;
				"CODE_SIGN_IDENTITY[sdk=iphoneos*]" = "iPhone Developer";
				COPY_PHASE_STRIP = NO;
				DEBUG_INFORMATION_FORMAT = dwarf;
				ENABLE_STRICT_OBJC_MSGSEND = YES;
				ENABLE_TESTABILITY = YES;
				GCC_C_LANGUAGE_STANDARD = gnu99;
				GCC_DYNAMIC_NO_PIC = NO;
				GCC_NO_COMMON_BLOCKS = YES;
				GCC_OPTIMIZATION_LEVEL = 0;
				GCC_PREPROCESSOR_DEFINITIONS = (
					"DEBUG=1",
					"$(inherited)",
				);
				GCC_WARN_64_TO_32_BIT_CONVERSION = YES;
				GCC_WARN_ABOUT_RETURN_TYPE = YES_ERROR;
				GCC_WARN_UNDECLARED_SELECTOR = YES;
				GCC_WARN_UNINITIALIZED_AUTOS = YES_AGGRESSIVE;
				GCC_WARN_UNUSED_FUNCTION = YES;
				GCC_WARN_UNUSED_VARIABLE = YES;
				IPHONEOS_DEPLOYMENT_TARGET = 10.0;
				MTL_ENABLE_DEBUG_INFO = YES;
				ONLY_ACTIVE_ARCH = YES;
				SDKROOT = iphoneos;
				SWIFT_ACTIVE_COMPILATION_CONDITIONS = DEBUG;
				SWIFT_OPTIMIZATION_LEVEL = "-Onone";
			};
			name = Debug;
		};
		1E8FCDEE1DB36F7E00377EE4 /* Release */ = {
			isa = XCBuildConfiguration;
			buildSettings = {
				ALWAYS_SEARCH_USER_PATHS = NO;
				CLANG_ANALYZER_NONNULL = YES;
				CLANG_CXX_LANGUAGE_STANDARD = "gnu++0x";
				CLANG_CXX_LIBRARY = "libc++";
				CLANG_ENABLE_MODULES = YES;
				CLANG_ENABLE_OBJC_ARC = YES;
				CLANG_WARN_BOOL_CONVERSION = YES;
				CLANG_WARN_CONSTANT_CONVERSION = YES;
				CLANG_WARN_DIRECT_OBJC_ISA_USAGE = YES_ERROR;
				CLANG_WARN_DOCUMENTATION_COMMENTS = YES;
				CLANG_WARN_EMPTY_BODY = YES;
				CLANG_WARN_ENUM_CONVERSION = YES;
				CLANG_WARN_INFINITE_RECURSION = YES;
				CLANG_WARN_INT_CONVERSION = YES;
				CLANG_WARN_OBJC_ROOT_CLASS = YES_ERROR;
				CLANG_WARN_SUSPICIOUS_MOVES = YES;
				CLANG_WARN_UNREACHABLE_CODE = YES;
				CLANG_WARN__DUPLICATE_METHOD_MATCH = YES;
				"CODE_SIGN_IDENTITY[sdk=iphoneos*]" = "iPhone Developer";
				COPY_PHASE_STRIP = NO;
				DEBUG_INFORMATION_FORMAT = "dwarf-with-dsym";
				ENABLE_NS_ASSERTIONS = NO;
				ENABLE_STRICT_OBJC_MSGSEND = YES;
				GCC_C_LANGUAGE_STANDARD = gnu99;
				GCC_NO_COMMON_BLOCKS = YES;
				GCC_WARN_64_TO_32_BIT_CONVERSION = YES;
				GCC_WARN_ABOUT_RETURN_TYPE = YES_ERROR;
				GCC_WARN_UNDECLARED_SELECTOR = YES;
				GCC_WARN_UNINITIALIZED_AUTOS = YES_AGGRESSIVE;
				GCC_WARN_UNUSED_FUNCTION = YES;
				GCC_WARN_UNUSED_VARIABLE = YES;
				IPHONEOS_DEPLOYMENT_TARGET = 10.0;
				MTL_ENABLE_DEBUG_INFO = NO;
				SDKROOT = iphoneos;
				SWIFT_OPTIMIZATION_LEVEL = "-Owholemodule";
				VALIDATE_PRODUCT = YES;
			};
			name = Release;
		};
		1E8FCDF01DB36F7E00377EE4 /* Debug */ = {
			isa = XCBuildConfiguration;
			buildSettings = {
				ASSETCATALOG_COMPILER_APPICON_NAME = AppIcon;
				INFOPLIST_FILE = testflix/Info.plist;
				LD_RUNPATH_SEARCH_PATHS = "$(inherited) @executable_path/Frameworks";
				PRODUCT_BUNDLE_IDENTIFIER = vn.sharecar.testflix;
				PRODUCT_NAME = "$(TARGET_NAME)";
				SWIFT_VERSION = 3.0;
			};
			name = Debug;
		};
		1E8FCDF11DB36F7E00377EE4 /* Release */ = {
			isa = XCBuildConfiguration;
			buildSettings = {
				ASSETCATALOG_COMPILER_APPICON_NAME = AppIcon;
				INFOPLIST_FILE = testflix/Info.plist;
				LD_RUNPATH_SEARCH_PATHS = "$(inherited) @executable_path/Frameworks";
				PRODUCT_BUNDLE_IDENTIFIER = vn.sharecar.testflix;
				PRODUCT_NAME = "$(TARGET_NAME)";
				SWIFT_VERSION = 3.0;
			};
			name = Release;
		};
		1E8FCDF31DB36F7E00377EE4 /* Debug */ = {
			isa = XCBuildConfiguration;
			buildSettings = {
				ALWAYS_EMBED_SWIFT_STANDARD_LIBRARIES = YES;
				BUNDLE_LOADER = "$(TEST_HOST)";
				INFOPLIST_FILE = testflixTests/Info.plist;
				LD_RUNPATH_SEARCH_PATHS = "$(inherited) @executable_path/Frameworks @loader_path/Frameworks";
				PRODUCT_BUNDLE_IDENTIFIER = vn.sharecar.testflixTests;
				PRODUCT_NAME = "$(TARGET_NAME)";
				SWIFT_VERSION = 3.0;
				TEST_HOST = "$(BUILT_PRODUCTS_DIR)/testflix.app/testflix";
			};
			name = Debug;
		};
		1E8FCDF41DB36F7E00377EE4 /* Release */ = {
			isa = XCBuildConfiguration;
			buildSettings = {
				ALWAYS_EMBED_SWIFT_STANDARD_LIBRARIES = YES;
				BUNDLE_LOADER = "$(TEST_HOST)";
				INFOPLIST_FILE = testflixTests/Info.plist;
				LD_RUNPATH_SEARCH_PATHS = "$(inherited) @executable_path/Frameworks @loader_path/Frameworks";
				PRODUCT_BUNDLE_IDENTIFIER = vn.sharecar.testflixTests;
				PRODUCT_NAME = "$(TARGET_NAME)";
				SWIFT_VERSION = 3.0;
				TEST_HOST = "$(BUILT_PRODUCTS_DIR)/testflix.app/testflix";
			};
			name = Release;
		};
		1E8FCDF61DB36F7E00377EE4 /* Debug */ = {
			isa = XCBuildConfiguration;
			buildSettings = {
				ALWAYS_EMBED_SWIFT_STANDARD_LIBRARIES = YES;
				INFOPLIST_FILE = testflixUITests/Info.plist;
				LD_RUNPATH_SEARCH_PATHS = "$(inherited) @executable_path/Frameworks @loader_path/Frameworks";
				PRODUCT_BUNDLE_IDENTIFIER = vn.sharecar.testflixUITests;
				PRODUCT_NAME = "$(TARGET_NAME)";
				SWIFT_VERSION = 3.0;
				TEST_TARGET_NAME = testflix;
			};
			name = Debug;
		};
		1E8FCDF71DB36F7E00377EE4 /* Release */ = {
			isa = XCBuildConfiguration;
			buildSettings = {
				ALWAYS_EMBED_SWIFT_STANDARD_LIBRARIES = YES;
				INFOPLIST_FILE = testflixUITests/Info.plist;
				LD_RUNPATH_SEARCH_PATHS = "$(inherited) @executable_path/Frameworks @loader_path/Frameworks";
				PRODUCT_BUNDLE_IDENTIFIER = vn.sharecar.testflixUITests;
				PRODUCT_NAME = "$(TARGET_NAME)";
				SWIFT_VERSION = 3.0;
				TEST_TARGET_NAME = testflix;
			};
			name = Release;
		};
/* End XCBuildConfiguration section */

/* Begin XCConfigurationList section */
		1E8FCDC21DB36F7E00377EE4 /* Build configuration list for PBXProject "testflix" */ = {
			isa = XCConfigurationList;
			buildConfigurations = (
				1E8FCDED1DB36F7E00377EE4 /* Debug */,
				1E8FCDEE1DB36F7E00377EE4 /* Release */,
			);
			defaultConfigurationIsVisible = 0;
			defaultConfigurationName = Release;
		};
		1E8FCDEF1DB36F7E00377EE4 /* Build configuration list for PBXNativeTarget "testflix" */ = {
			isa = XCConfigurationList;
			buildConfigurations = (
				1E8FCDF01DB36F7E00377EE4 /* Debug */,
				1E8FCDF11DB36F7E00377EE4 /* Release */,
			);
			defaultConfigurationIsVisible = 0;
		};
		1E8FCDF21DB36F7E00377EE4 /* Build configuration list for PBXNativeTarget "testflixTests" */ = {
			isa = XCConfigurationList;
			buildConfigurations = (
				1E8FCDF31DB36F7E00377EE4 /* Debug */,
				1E8FCDF41DB36F7E00377EE4 /* Release */,
			);
			defaultConfigurationIsVisible = 0;
		};
		1E8FCDF51DB36F7E00377EE4 /* Build configuration list for PBXNativeTarget "testflixUITests" */ = {
			isa = XCConfigurationList;
			buildConfigurations = (
				1E8FCDF61DB36F7E00377EE4 /* Debug */,
				1E8FCDF71DB36F7E00377EE4 /* Release */,
			);
			defaultConfigurationIsVisible = 0;
		};
/* End XCConfigurationList section */
	};
	rootObject = 1E8FCDBF1DB36F7E00377EE4 /* Project object */;
}
